{
  "name": "tree-sitter-stack-graphs",
  "version": "0.3.1",
  "lockfileVersion": 2,
  "requires": true,
  "packages": {
    "": {
      "name": "tree-sitter-stack-graphs",
      "version": "0.3.1",
      "hasInstallScript": true,
      "license": "MIT OR Apache-2.0",
      "bin": {
        "tree-sitter-stack-graphs": "cli.js"
      }
    }
  }
}
